PODS:
  - Alamofire (4.9.0)
  - AMapFoundation-NO-IDFA (1.5.7)
  - AMapLocation-NO-IDFA (2.6.3):
    - AMapFoundation-NO-IDFA (~> 1.4)
  - CryptoSwift (1.0.0)
  - ESPullToRefresh (2.9)
  - GTSDK (2.4.0.0-noidfa)
  - HandyJSON (5.0.0)
  - Kingfisher (4.10.1)
  - MBProgressHUD (1.1.0)
  - Pingpp/Alipay (2.2.23):
    - Pingpp/Core
    - PingppAlipaySDK (~> 15.5)
  - Pingpp/Core (2.2.23)
  - Pingpp/UnionPay (2.2.23):
    - Pingpp/Core
  - Pingpp/Wx (2.2.23):
    - Pingpp/Core
  - PingppAlipaySDK (15.6.4)
  - ReachabilitySwift (4.3.1)
  - Realm (3.17.3):
    - Realm/Headers (= 3.17.3)
  - Realm/Headers (3.17.3)
  - RealmSwift (3.17.3):
    - Realm (= 3.17.3)
  - SnapKit (4.2.0)
  - UMCAnalytics (6.0.5):
    - UMCCommon
  - UMCCommon (2.1.1)
  - UMCShare/Core (6.9.6):
    - UMCCommon
  - UMCShare/Social/ReducedQQ (6.9.6):
    - UMCCommon
    - UMCShare/Core
  - UMCShare/Social/ReducedSina (6.9.6):
    - UMCCommon
    - UMCShare/Core
  - UMCShare/Social/ReducedWeChat (6.9.6):
    - UMCCommon
    - UMCShare/Core
  - UMCShare/UI (6.9.6):
    - UMCCommon
    - UMCShare/Core

DEPENDENCIES:
  - Alamofire
  - AMapLocation-NO-IDFA
  - CryptoSwift
  - ESPullToRefresh
  - GTSDK (= 2.4.0.0-noidfa)
  - HandyJSON (~> 5.0.0-beta.1)
  - Kingfisher
  - MBProgressHUD (~> 1.1.0)
  - Pingpp/Alipay
  - Pingpp/UnionPay
  - Pingpp/Wx
  - ReachabilitySwift
  - RealmSwift
  - SnapKit
  - UMCAnalytics
  - UMCShare/Social/ReducedQQ
  - UMCShare/Social/ReducedSina
  - UMCShare/Social/ReducedWeChat
  - UMCShare/UI

SPEC REPOS:
  https://github.com/cocoapods/specs.git:
    - Alamofire
    - AMapFoundation-NO-IDFA
    - AMapLocation-NO-IDFA
    - CryptoSwift
    - ESPullToRefresh
    - GTSDK
    - HandyJSON
    - Kingfisher
    - MBProgressHUD
    - Pingpp
    - PingppAlipaySDK
    - ReachabilitySwift
    - Realm
    - RealmSwift
    - SnapKit
    - UMCAnalytics
    - UMCCommon
    - UMCShare

SPEC CHECKSUMS:
  Alamofire: afc3e7c6db61476cb45cdd23fed06bad03bbc321
  AMapFoundation-NO-IDFA: 9088085827c831811bb0fd3afd96b99963a7cf71
  AMapLocation-NO-IDFA: f22a480573aa18c521946f13d49521f042a7dca6
  CryptoSwift: d81eeaa59dc5a8d03720fe919a6fd07b51f7439f
  ESPullToRefresh: ce058a36454a5032519cc9d8b45da217728cf104
  GTSDK: 1774ee87826d0606f69b1c5114ed3bf63ad5c34e
  HandyJSON: 992f2d661716d6a91de82d0056927bc7813b5770
  Kingfisher: c148cd7b47ebde9989f6bc7c27dcaa79d81279a0
  MBProgressHUD: e7baa36a220447d8aeb12769bf0585582f3866d9
  Pingpp: 37559ecb34bf0d7a43e0ba9bba19fcb4653e8db3
  PingppAlipaySDK: a4a6d489e2206445a12c56652a0ff7f95dca949b
  ReachabilitySwift: 4032e2f59586e11e3b0ebe15b167abdd587a388b
  Realm: 5a1d9d47bfc101dd597668b1a8af4288a2557f6d
  RealmSwift: b7fdc2d18616621c31df5c7a398a45a2163f8eb0
  SnapKit: fe8a619752f3f27075cc9a90244d75c6c3f27e2a
  UMCAnalytics: 045be2cd1ec05aa95ad62405a850757f932e2d59
  UMCCommon: 971f324a5a99c9d662ae040a815e7e3d7ef8b2a8
  UMCShare: e0cef55c0fd6051254c8cda1d0630eb578b27bad

PODFILE CHECKSUM: a3247212776f8943a2f282ed378a4c08e0f225cb

COCOAPODS: 1.7.5
